// !$*UTF8*$!
{
	archiveVersion = 1;
	classes = {
	};
	objectVersion = 77;
	objects = {

/* Begin PBXBuildFile section */
		386B1C072DE975FD009FBF25 /* AudioKit in Frameworks */ = {isa = PBXBuildFile; productRef = 386B1C062DE975FD009FBF25 /* AudioKit */; };
/* End PBXBuildFile section */

/* Begin PBXContainerItemProxy section */
		38D04CF22DE570DA0047CB93 /* PBXContainerItemProxy */ = {
			isa = PBXContainerItemProxy;
			containerPortal = 38D04CD52DE570D80047CB93 /* Project object */;
			proxyType = 1;
			remoteGlobalIDString = 38D04CDC2DE570D80047CB93;
			remoteInfo = "Fonic HiFi";
		};
		38D04CFC2DE570DA0047CB93 /* PBXContainerItemProxy */ = {
			isa = PBXContainerItemProxy;
			containerPortal = 38D04CD52DE570D80047CB93 /* Project object */;
			proxyType = 1;
			remoteGlobalIDString = 38D04CDC2DE570D80047CB93;
			remoteInfo = "Fonic HiFi";
		};
/* End PBXContainerItemProxy section */

/* Begin PBXFileReference section */
		38D04CDD2DE570D80047CB93 /* Fonic HiFi.app */ = {isa = PBXFileReference; explicitFileType = wrapper.application; includeInIndex = 0; path = "Fonic HiFi.app"; sourceTree = BUILT_PRODUCTS_DIR; };
		38D04CF12DE570DA0047CB93 /* Fonic HiFiTests.xctest */ = {isa = PBXFileReference; explicitFileType = wrapper.cfbundle; includeInIndex = 0; path = "Fonic HiFiTests.xctest"; sourceTree = BUILT_PRODUCTS_DIR; };
		38D04CFB2DE570DA0047CB93 /* Fonic HiFiUITests.xctest */ = {isa = PBXFileReference; explicitFileType = wrapper.cfbundle; includeInIndex = 0; path = "Fonic HiFiUITests.xctest"; sourceTree = BUILT_PRODUCTS_DIR; };
/* End PBXFileReference section */

/* Begin PBXFileSystemSynchronizedBuildFileExceptionSet section */
		38D04D032DE570DA0047CB93 /* Exceptions for "Fonic HiFi" folder in "Fonic HiFi" target */ = {
			isa = PBXFileSystemSynchronizedBuildFileExceptionSet;
			membershipExceptions = (
				Info.plist,
			);
			target = 38D04CDC2DE570D80047CB93 /* Fonic HiFi */;
		};
/* End PBXFileSystemSynchronizedBuildFileExceptionSet section */

/* Begin PBXFileSystemSynchronizedRootGroup section */
		38D04CDF2DE570D80047CB93 /* Fonic HiFi */ = {
			isa = PBXFileSystemSynchronizedRootGroup;
			exceptions = (
				38D04D032DE570DA0047CB93 /* Exceptions for "Fonic HiFi" folder in "Fonic HiFi" target */,
			);
			path = "Fonic HiFi";
			sourceTree = "<group>";
		};
		38D04CF42DE570DA0047CB93 /* Fonic HiFiTests */ = {
			isa = PBXFileSystemSynchronizedRootGroup;
			path = "Fonic HiFiTests";
			sourceTree = "<group>";
		};
		38D04CFE2DE570DA0047CB93 /* Fonic HiFiUITests */ = {
			isa = PBXFileSystemSynchronizedRootGroup;
			path = "Fonic HiFiUITests";
			sourceTree = "<group>";
		};
/* End PBXFileSystemSynchronizedRootGroup section */

/* Begin PBXFrameworksBuildPhase section */
		38D04CDA2DE570D80047CB93 /* Frameworks */ = {
			isa = PBXFrameworksBuildPhase;
			buildActionMask = 2147483647;
			files = (
				386B1C072DE975FD009FBF25 /* AudioKit in Frameworks */,
			);
			runOnlyForDeploymentPostprocessing = 0;
		};
		38D04CEE2DE570DA0047CB93 /* Frameworks */ = {
			isa = PBXFrameworksBuildPhase;
			buildActionMask = 2147483647;
			files = (
			);
			runOnlyForDeploymentPostprocessing = 0;
		};
		38D04CF82DE570DA0047CB93 /* Frameworks */ = {
			isa = PBXFrameworksBuildPhase;
			buildActionMask = 2147483647;
			files = (
			);
			runOnlyForDeploymentPostprocessing = 0;
		};
/* End PBXFrameworksBuildPhase section */

/* Begin PBXGroup section */
		38D04CD42DE570D80047CB93 = {
			isa = PBXGroup;
			children = (
				38D04CDF2DE570D80047CB93 /* Fonic HiFi */,
				38D04CF42DE570DA0047CB93 /* Fonic HiFiTests */,
				38D04CFE2DE570DA0047CB93 /* Fonic HiFiUITests */,
				38D04CDE2DE570D80047CB93 /* Products */,
			);
			sourceTree = "<group>";
		};
		38D04CDE2DE570D80047CB93 /* Products */ = {
			isa = PBXGroup;
			children = (
				38D04CDD2DE570D80047CB93 /* Fonic HiFi.app */,
				38D04CF12DE570DA0047CB93 /* Fonic HiFiTests.xctest */,
				38D04CFB2DE570DA0047CB93 /* Fonic HiFiUITests.xctest */,
			);
			name = Products;
			sourceTree = "<group>";
		};
/* End PBXGroup section */

/* Begin PBXNativeTarget section */
		38D04CDC2DE570D80047CB93 /* Fonic HiFi */ = {
			isa = PBXNativeTarget;
			buildConfigurationList = 38D04D042DE570DA0047CB93 /* Build configuration list for PBXNativeTarget "Fonic HiFi" */;
			buildPhases = (
				38D04CD92DE570D80047CB93 /* Sources */,
				38D04CDA2DE570D80047CB93 /* Frameworks */,
				38D04CDB2DE570D80047CB93 /* Resources */,
			);
			buildRules = (
			);
			dependencies = (
			);
			fileSystemSynchronizedGroups = (
				38D04CDF2DE570D80047CB93 /* Fonic HiFi */,
			);
			name = "Fonic HiFi";
			packageProductDependencies = (
				386B1C062DE975FD009FBF25 /* AudioKit */,
			);
			productName = "Fonic HiFi";
			productReference = 38D04CDD2DE570D80047CB93 /* Fonic HiFi.app */;
			productType = "com.apple.product-type.application";
		};
		38D04CF02DE570DA0047CB93 /* Fonic HiFiTests */ = {
			isa = PBXNativeTarget;
			buildConfigurationList = 38D04D092DE570DA0047CB93 /* Build configuration list for PBXNativeTarget "Fonic HiFiTests" */;
			buildPhases = (
				38D04CED2DE570DA0047CB93 /* Sources */,
				38D04CEE2DE570DA0047CB93 /* Frameworks */,
				38D04CEF2DE570DA0047CB93 /* Resources */,
			);
			buildRules = (
			);
			dependencies = (
				38D04CF32DE570DA0047CB93 /* PBXTargetDependency */,
			);
			fileSystemSynchronizedGroups = (
				38D04CF42DE570DA0047CB93 /* Fonic HiFiTests */,
			);
			name = "Fonic HiFiTests";
			packageProductDependencies = (
			);
			productName = "Fonic HiFiTests";
			productReference = 38D04CF12DE570DA0047CB93 /* Fonic HiFiTests.xctest */;
			productType = "com.apple.product-type.bundle.unit-test";
		};
		38D04CFA2DE570DA0047CB93 /* Fonic HiFiUITests */ = {
			isa = PBXNativeTarget;
			buildConfigurationList = 38D04D0C2DE570DA0047CB93 /* Build configuration list for PBXNativeTarget "Fonic HiFiUITests" */;
			buildPhases = (
				38D04CF72DE570DA0047CB93 /* Sources */,
				38D04CF82DE570DA0047CB93 /* Frameworks */,
				38D04CF92DE570DA0047CB93 /* Resources */,
			);
			buildRules = (
			);
			dependencies = (
				38D04CFD2DE570DA0047CB93 /* PBXTargetDependency */,
			);
			fileSystemSynchronizedGroups = (
				38D04CFE2DE570DA0047CB93 /* Fonic HiFiUITests */,
			);
			name = "Fonic HiFiUITests";
			packageProductDependencies = (
			);
			productName = "Fonic HiFiUITests";
			productReference = 38D04CFB2DE570DA0047CB93 /* Fonic HiFiUITests.xctest */;
			productType = "com.apple.product-type.bundle.ui-testing";
		};
/* End PBXNativeTarget section */

/* Begin PBXProject section */
		38D04CD52DE570D80047CB93 /* Project object */ = {
			isa = PBXProject;
			attributes = {
				BuildIndependentTargetsInParallel = 1;
				LastSwiftUpdateCheck = 1630;
				LastUpgradeCheck = 1630;
				TargetAttributes = {
					38D04CDC2DE570D80047CB93 = {
						CreatedOnToolsVersion = 16.3;
					};
					38D04CF02DE570DA0047CB93 = {
						CreatedOnToolsVersion = 16.3;
						TestTargetID = 38D04CDC2DE570D80047CB93;
					};
					38D04CFA2DE570DA0047CB93 = {
						CreatedOnToolsVersion = 16.3;
						TestTargetID = 38D04CDC2DE570D80047CB93;
					};
				};
			};
			buildConfigurationList = 38D04CD82DE570D80047CB93 /* Build configuration list for PBXProject "Fonic HiFi" */;
			developmentRegion = en;
			hasScannedForEncodings = 0;
			knownRegions = (
				en,
				Base,
			);
			mainGroup = 38D04CD42DE570D80047CB93;
			minimizedProjectReferenceProxies = 1;
			packageReferences = (
				386B1C052DE975FD009FBF25 /* XCRemoteSwiftPackageReference "AudioKit" */,
			);
			preferredProjectObjectVersion = 77;
			productRefGroup = 38D04CDE2DE570D80047CB93 /* Products */;
			projectDirPath = "";
			projectRoot = "";
			targets = (
				38D04CDC2DE570D80047CB93 /* Fonic HiFi */,
				38D04CF02DE570DA0047CB93 /* Fonic HiFiTests */,
				38D04CFA2DE570DA0047CB93 /* Fonic HiFiUITests */,
			);
		};
/* End PBXProject section */

/* Begin PBXResourcesBuildPhase section */
		38D04CDB2DE570D80047CB93 /* Resources */ = {
			isa = PBXResourcesBuildPhase;
			buildActionMask = 2147483647;
			files = (
			);
			runOnlyForDeploymentPostprocessing = 0;
		};
		38D04CEF2DE570DA0047CB93 /* Resources */ = {
			isa = PBXResourcesBuildPhase;
			buildActionMask = 2147483647;
			files = (
			);
			runOnlyForDeploymentPostprocessing = 0;
		};
		38D04CF92DE570DA0047CB93 /* Resources */ = {
			isa = PBXResourcesBuildPhase;
			buildActionMask = 2147483647;
			files = (
			);
			runOnlyForDeploymentPostprocessing = 0;
		};
/* End PBXResourcesBuildPhase section */

/* Begin PBXSourcesBuildPhase section */
		38D04CD92DE570D80047CB93 /* Sources */ = {
			isa = PBXSourcesBuildPhase;
			buildActionMask = 2147483647;
			files = (
			);
			runOnlyForDeploymentPostprocessing = 0;
		};
		38D04CED2DE570DA0047CB93 /* Sources */ = {
			isa = PBXSourcesBuildPhase;
			buildActionMask = 2147483647;
			files = (
			);
			runOnlyForDeploymentPostprocessing = 0;
		};
		38D04CF72DE570DA0047CB93 /* Sources */ = {
			isa = PBXSourcesBuildPhase;
			buildActionMask = 2147483647;
			files = (
			);
			runOnlyForDeploymentPostprocessing = 0;
		};
/* End PBXSourcesBuildPhase section */

/* Begin PBXTargetDependency section */
		38D04CF32DE570DA0047CB93 /* PBXTargetDependency */ = {
			isa = PBXTargetDependency;
			target = 38D04CDC2DE570D80047CB93 /* Fonic HiFi */;
			targetProxy = 38D04CF22DE570DA0047CB93 /* PBXContainerItemProxy */;
		};
		38D04CFD2DE570DA0047CB93 /* PBXTargetDependency */ = {
			isa = PBXTargetDependency;
			target = 38D04CDC2DE570D80047CB93 /* Fonic HiFi */;
			targetProxy = 38D04CFC2DE570DA0047CB93 /* PBXContainerItemProxy */;
		};
/* End PBXTargetDependency section */

/* Begin XCBuildConfiguration section */
		38D04D052DE570DA0047CB93 /* Debug */ = {
			isa = XCBuildConfiguration;
			buildSettings = {
				ASSETCATALOG_COMPILER_APPICON_NAME = AppIcon;
				ASSETCATALOG_COMPILER_GLOBAL_ACCENT_COLOR_NAME = AccentColor;
				CODE_SIGN_ENTITLEMENTS = "Fonic HiFi/Fonic_HiFi.entitlements";
				CODE_SIGN_STYLE = Automatic;
				CURRENT_PROJECT_VERSION = 1;
				DEVELOPMENT_TEAM = R29WA9QFUP;
				ENABLE_PREVIEWS = YES;
				GENERATE_INFOPLIST_FILE = YES;
				INFOPLIST_FILE = "Fonic HiFi/Info.plist";
				INFOPLIST_KEY_UIApplicationSceneManifest_Generation = YES;
				INFOPLIST_KEY_UIApplicationSupportsIndirectInputEvents = YES;
				INFOPLIST_KEY_UILaunchScreen_Generation = YES;
				INFOPLIST_KEY_UISupportedInterfaceOrientations_iPad = "UIInterfaceOrientationPortrait UIInterfaceOrientationPortraitUpsideDown UIInterfaceOrientationLandscapeLeft UIInterfaceOrientationLandscapeRight";
				INFOPLIST_KEY_UISupportedInterfaceOrientations_iPhone = "UIInterfaceOrientationPortrait UIInterfaceOrientationLandscapeLeft UIInterfaceOrientationLandscapeRight";
				LD_RUNPATH_SEARCH_PATHS = (
					"$(inherited)",
					"@executable_path/Frameworks",
				);
				MARKETING_VERSION = 1.0;
				PRODUCT_BUNDLE_IDENTIFIER = "com.keiran.Fonic-HiFi";
				PRODUCT_NAME = "$(TARGET_NAME)";
				SWIFT_EMIT_LOC_STRINGS = YES;
				SWIFT_STRICT_CONCURRENCY = complete;
				SWIFT_UPCOMING_FEATURE_CONCISE_MAGIC_FILE = YES;
				SWIFT_UPCOMING_FEATURE_FORWARD_TRAILING_CLOSURES = YES;
				SWIFT_UPCOMING_FEATURE_IMPLICIT_OPEN_EXISTENTIALS = YES;
				SWIFT_UPCOMING_FEATURE_ISOLATED_DEFAULT_VALUES = YES;
				SWIFT_VERSION = 6.0;
				TARGETED_DEVICE_FAMILY = "1,2";
			};
			name = Debug;
		};
		38D04D062DE570DA0047CB93 /* Release */ = {
			isa = XCBuildConfiguration;
			buildSettings = {
				ASSETCATALOG_COMPILER_APPICON_NAME = AppIcon;
				ASSETCATALOG_COMPILER_GLOBAL_ACCENT_COLOR_NAME = AccentColor;
				CODE_SIGN_ENTITLEMENTS = "Fonic HiFi/Fonic_HiFi.entitlements";
				CODE_SIGN_STYLE = Automatic;
				CURRENT_PROJECT_VERSION = 1;
				DEVELOPMENT_TEAM = R29WA9QFUP;
				ENABLE_PREVIEWS = YES;
				GENERATE_INFOPLIST_FILE = YES;
				INFOPLIST_FILE = "Fonic HiFi/Info.plist";
				INFOPLIST_KEY_UIApplicationSceneManifest_Generation = YES;
				INFOPLIST_KEY_UIApplicationSupportsIndirectInputEvents = YES;
				INFOPLIST_KEY_UILaunchScreen_Generation = YES;
				INFOPLIST_KEY_UISupportedInterfaceOrientations_iPad = "UIInterfaceOrientationPortrait UIInterfaceOrientationPortraitUpsideDown UIInterfaceOrientationLandscapeLeft UIInterfaceOrientationLandscapeRight";
				INFOPLIST_KEY_UISupportedInterfaceOrientations_iPhone = "UIInterfaceOrientationPortrait UIInterfaceOrientationLandscapeLeft UIInterfaceOrientationLandscapeRight";
				LD_RUNPATH_SEARCH_PATHS = (
					"$(inherited)",
					"@executable_path/Frameworks",
				);
				MARKETING_VERSION = 1.0;
				PRODUCT_BUNDLE_IDENTIFIER = "com.keiran.Fonic-HiFi";
				PRODUCT_NAME = "$(TARGET_NAME)";
				SWIFT_EMIT_LOC_STRINGS = YES;
				SWIFT_STRICT_CONCURRENCY = complete;
				SWIFT_UPCOMING_FEATURE_CONCISE_MAGIC_FILE = YES;
				SWIFT_UPCOMING_FEATURE_FORWARD_TRAILING_CLOSURES = YES;
				SWIFT_UPCOMING_FEATURE_IMPLICIT_OPEN_EXISTENTIALS = YES;
				SWIFT_UPCOMING_FEATURE_ISOLATED_DEFAULT_VALUES = YES;
				SWIFT_VERSION = 6.0;
				TARGETED_DEVICE_FAMILY = "1,2";
			};
			name = Release;
		};
		38D04D072DE570DA0047CB93 /* Debug */ = {
			isa = XCBuildConfiguration;
			buildSettings = {
				ALWAYS_SEARCH_USER_PATHS = NO;
				ASSETCATALOG_COMPILER_GENERATE_SWIFT_ASSET_SYMBOL_EXTENSIONS = YES;
				CLANG_ANALYZER_NONNULL = YES;
				CLANG_ANALYZER_NUMBER_OBJECT_CONVERSION = YES_AGGRESSIVE;
				CLANG_CXX_LANGUAGE_STANDARD = "gnu++20";
				CLANG_ENABLE_MODULES = YES;
				CLANG_ENABLE_OBJC_ARC = YES;
				CLANG_ENABLE_OBJC_WEAK = YES;
				CLANG_WARN_BLOCK_CAPTURE_AUTORELEASING = YES;
				CLANG_WARN_BOOL_CONVERSION = YES;
				CLANG_WARN_COMMA = YES;
				CLANG_WARN_CONSTANT_CONVERSION = YES;
				CLANG_WARN_DEPRECATED_OBJC_IMPLEMENTATIONS = YES;
				CLANG_WARN_DIRECT_OBJC_ISA_USAGE = YES_ERROR;
				CLANG_WARN_DOCUMENTATION_COMMENTS = YES;
				CLANG_WARN_EMPTY_BODY = YES;
				CLANG_WARN_ENUM_CONVERSION = YES;
				CLANG_WARN_INFINITE_RECURSION = YES;
				CLANG_WARN_INT_CONVERSION = YES;
				CLANG_WARN_NON_LITERAL_NULL_CONVERSION = YES;
				CLANG_WARN_OBJC_IMPLICIT_RETAIN_SELF = YES;
				CLANG_WARN_OBJC_LITERAL_CONVERSION = YES;
				CLANG_WARN_OBJC_ROOT_CLASS = YES_ERROR;
				CLANG_WARN_QUOTED_INCLUDE_IN_FRAMEWORK_HEADER = YES;
				CLANG_WARN_RANGE_LOOP_ANALYSIS = YES;
				CLANG_WARN_STRICT_PROTOTYPES = YES;
				CLANG_WARN_SUSPICIOUS_MOVE = YES;
				CLANG_WARN_UNGUARDED_AVAILABILITY = YES_AGGRESSIVE;
				CLANG_WARN_UNREACHABLE_CODE = YES;
				CLANG_WARN__DUPLICATE_METHOD_MATCH = YES;
				COPY_PHASE_STRIP = NO;
				DEBUG_INFORMATION_FORMAT = dwarf;
				DEVELOPMENT_TEAM = R29WA9QFUP;
				ENABLE_STRICT_OBJC_MSGSEND = YES;
				ENABLE_TESTABILITY = YES;
				ENABLE_USER_SCRIPT_SANDBOXING = YES;
				GCC_C_LANGUAGE_STANDARD = gnu17;
				GCC_DYNAMIC_NO_PIC = NO;
				GCC_NO_COMMON_BLOCKS = YES;
				GCC_OPTIMIZATION_LEVEL = 0;
				GCC_PREPROCESSOR_DEFINITIONS = (
					"DEBUG=1",
					"$(inherited)",
				);
				GCC_WARN_64_TO_32_BIT_CONVERSION = YES;
				GCC_WARN_ABOUT_RETURN_TYPE = YES_ERROR;
				GCC_WARN_UNDECLARED_SELECTOR = YES;
				GCC_WARN_UNINITIALIZED_AUTOS = YES_AGGRESSIVE;
				GCC_WARN_UNUSED_FUNCTION = YES;
				GCC_WARN_UNUSED_VARIABLE = YES;
				IPHONEOS_DEPLOYMENT_TARGET = 18.4;
				LOCALIZATION_PREFERS_STRING_CATALOGS = YES;
				MTL_ENABLE_DEBUG_INFO = INCLUDE_SOURCE;
				MTL_FAST_MATH = YES;
				ONLY_ACTIVE_ARCH = YES;
				SDKROOT = iphoneos;
				SWIFT_ACTIVE_COMPILATION_CONDITIONS = "DEBUG $(inherited)";
				SWIFT_OPTIMIZATION_LEVEL = "-Onone";
			};
			name = Debug;
		};
		38D04D082DE570DA0047CB93 /* Release */ = {
			isa = XCBuildConfiguration;
			buildSettings = {
				ALWAYS_SEARCH_USER_PATHS = NO;
				ASSETCATALOG_COMPILER_GENERATE_SWIFT_ASSET_SYMBOL_EXTENSIONS = YES;
				CLANG_ANALYZER_NONNULL = YES;
				CLANG_ANALYZER_NUMBER_OBJECT_CONVERSION = YES_AGGRESSIVE;
				CLANG_CXX_LANGUAGE_STANDARD = "gnu++20";
				CLANG_ENABLE_MODULES = YES;
				CLANG_ENABLE_OBJC_ARC = YES;
				CLANG_ENABLE_OBJC_WEAK = YES;
				CLANG_WARN_BLOCK_CAPTURE_AUTORELEASING = YES;
				CLANG_WARN_BOOL_CONVERSION = YES;
				CLANG_WARN_COMMA = YES;
				CLANG_WARN_CONSTANT_CONVERSION = YES;
				CLANG_WARN_DEPRECATED_OBJC_IMPLEMENTATIONS = YES;
				CLANG_WARN_DIRECT_OBJC_ISA_USAGE = YES_ERROR;
				CLANG_WARN_DOCUMENTATION_COMMENTS = YES;
				CLANG_WARN_EMPTY_BODY = YES;
				CLANG_WARN_ENUM_CONVERSION = YES;
				CLANG_WARN_INFINITE_RECURSION = YES;
				CLANG_WARN_INT_CONVERSION = YES;
				CLANG_WARN_NON_LITERAL_NULL_CONVERSION = YES;
				CLANG_WARN_OBJC_IMPLICIT_RETAIN_SELF = YES;
				CLANG_WARN_OBJC_LITERAL_CONVERSION = YES;
				CLANG_WARN_OBJC_ROOT_CLASS = YES_ERROR;
				CLANG_WARN_QUOTED_INCLUDE_IN_FRAMEWORK_HEADER = YES;
				CLANG_WARN_RANGE_LOOP_ANALYSIS = YES;
				CLANG_WARN_STRICT_PROTOTYPES = YES;
				CLANG_WARN_SUSPICIOUS_MOVE = YES;
				CLANG_WARN_UNGUARDED_AVAILABILITY = YES_AGGRESSIVE;
				CLANG_WARN_UNREACHABLE_CODE = YES;
				CLANG_WARN__DUPLICATE_METHOD_MATCH = YES;
				COPY_PHASE_STRIP = NO;
				DEBUG_INFORMATION_FORMAT = "dwarf-with-dsym";
				DEVELOPMENT_TEAM = R29WA9QFUP;
				ENABLE_NS_ASSERTIONS = NO;
				ENABLE_STRICT_OBJC_MSGSEND = YES;
				ENABLE_USER_SCRIPT_SANDBOXING = YES;
				GCC_C_LANGUAGE_STANDARD = gnu17;
				GCC_NO_COMMON_BLOCKS = YES;
				GCC_WARN_64_TO_32_BIT_CONVERSION = YES;
				GCC_WARN_ABOUT_RETURN_TYPE = YES_ERROR;
				GCC_WARN_UNDECLARED_SELECTOR = YES;
				GCC_WARN_UNINITIALIZED_AUTOS = YES_AGGRESSIVE;
				GCC_WARN_UNUSED_FUNCTION = YES;
				GCC_WARN_UNUSED_VARIABLE = YES;
				IPHONEOS_DEPLOYMENT_TARGET = 18.4;
				LOCALIZATION_PREFERS_STRING_CATALOGS = YES;
				MTL_ENABLE_DEBUG_INFO = NO;
				MTL_FAST_MATH = YES;
				SDKROOT = iphoneos;
				SWIFT_COMPILATION_MODE = wholemodule;
				VALIDATE_PRODUCT = YES;
			};
			name = Release;
		};
		38D04D0A2DE570DA0047CB93 /* Debug */ = {
			isa = XCBuildConfiguration;
			buildSettings = {
				BUNDLE_LOADER = "$(TEST_HOST)";
				CODE_SIGN_STYLE = Automatic;
				CURRENT_PROJECT_VERSION = 1;
				DEVELOPMENT_TEAM = R29WA9QFUP;
				GENERATE_INFOPLIST_FILE = YES;
				IPHONEOS_DEPLOYMENT_TARGET = 18.4;
				MARKETING_VERSION = 1.0;
				PRODUCT_BUNDLE_IDENTIFIER = "com.keiran.Fonic-HiFiTests";
				PRODUCT_NAME = "$(TARGET_NAME)";
				SWIFT_EMIT_LOC_STRINGS = NO;
				SWIFT_VERSION = 6.0;
				TARGETED_DEVICE_FAMILY = "1,2";
				TEST_HOST = "$(BUILT_PRODUCTS_DIR)/Fonic HiFi.app/$(BUNDLE_EXECUTABLE_FOLDER_PATH)/Fonic HiFi";
			};
			name = Debug;
		};
		38D04D0B2DE570DA0047CB93 /* Release */ = {
			isa = XCBuildConfiguration;
			buildSettings = {
				BUNDLE_LOADER = "$(TEST_HOST)";
				CODE_SIGN_STYLE = Automatic;
				CURRENT_PROJECT_VERSION = 1;
				DEVELOPMENT_TEAM = R29WA9QFUP;
				GENERATE_INFOPLIST_FILE = YES;
				IPHONEOS_DEPLOYMENT_TARGET = 18.4;
				MARKETING_VERSION = 1.0;
				PRODUCT_BUNDLE_IDENTIFIER = "com.keiran.Fonic-HiFiTests";
				PRODUCT_NAME = "$(TARGET_NAME)";
				SWIFT_EMIT_LOC_STRINGS = NO;
				SWIFT_VERSION = 6.0;
				TARGETED_DEVICE_FAMILY = "1,2";
				TEST_HOST = "$(BUILT_PRODUCTS_DIR)/Fonic HiFi.app/$(BUNDLE_EXECUTABLE_FOLDER_PATH)/Fonic HiFi";
			};
			name = Release;
		};
		38D04D0D2DE570DA0047CB93 /* Debug */ = {
			isa = XCBuildConfiguration;
			buildSettings = {
				CODE_SIGN_STYLE = Automatic;
				CURRENT_PROJECT_VERSION = 1;
				DEVELOPMENT_TEAM = R29WA9QFUP;
				GENERATE_INFOPLIST_FILE = YES;
				MARKETING_VERSION = 1.0;
				PRODUCT_BUNDLE_IDENTIFIER = "com.keiran.Fonic-HiFiUITests";
				PRODUCT_NAME = "$(TARGET_NAME)";
				SWIFT_EMIT_LOC_STRINGS = NO;
				SWIFT_VERSION = 6.0;
				TARGETED_DEVICE_FAMILY = "1,2";
				TEST_TARGET_NAME = "Fonic HiFi";
			};
			name = Debug;
		};
		38D04D0E2DE570DA0047CB93 /* Release */ = {
			isa = XCBuildConfiguration;
			buildSettings = {
				CODE_SIGN_STYLE = Automatic;
				CURRENT_PROJECT_VERSION = 1;
				DEVELOPMENT_TEAM = R29WA9QFUP;
				GENERATE_INFOPLIST_FILE = YES;
				MARKETING_VERSION = 1.0;
				PRODUCT_BUNDLE_IDENTIFIER = "com.keiran.Fonic-HiFiUITests";
				PRODUCT_NAME = "$(TARGET_NAME)";
				SWIFT_EMIT_LOC_STRINGS = NO;
				SWIFT_VERSION = 6.0;
				TARGETED_DEVICE_FAMILY = "1,2";
				TEST_TARGET_NAME = "Fonic HiFi";
			};
			name = Release;
		};
/* End XCBuildConfiguration section */

/* Begin XCConfigurationList section */
		38D04CD82DE570D80047CB93 /* Build configuration list for PBXProject "Fonic HiFi" */ = {
			isa = XCConfigurationList;
			buildConfigurations = (
				38D04D072DE570DA0047CB93 /* Debug */,
				38D04D082DE570DA0047CB93 /* Release */,
			);
			defaultConfigurationIsVisible = 0;
			defaultConfigurationName = Release;
		};
		38D04D042DE570DA0047CB93 /* Build configuration list for PBXNativeTarget "Fonic HiFi" */ = {
			isa = XCConfigurationList;
			buildConfigurations = (
				38D04D052DE570DA0047CB93 /* Debug */,
				38D04D062DE570DA0047CB93 /* Release */,
			);
			defaultConfigurationIsVisible = 0;
			defaultConfigurationName = Release;
		};
		38D04D092DE570DA0047CB93 /* Build configuration list for PBXNativeTarget "Fonic HiFiTests" */ = {
			isa = XCConfigurationList;
			buildConfigurations = (
				38D04D0A2DE570DA0047CB93 /* Debug */,
				38D04D0B2DE570DA0047CB93 /* Release */,
			);
			defaultConfigurationIsVisible = 0;
			defaultConfigurationName = Release;
		};
		38D04D0C2DE570DA0047CB93 /* Build configuration list for PBXNativeTarget "Fonic HiFiUITests" */ = {
			isa = XCConfigurationList;
			buildConfigurations = (
				38D04D0D2DE570DA0047CB93 /* Debug */,
				38D04D0E2DE570DA0047CB93 /* Release */,
			);
			defaultConfigurationIsVisible = 0;
			defaultConfigurationName = Release;
		};
/* End XCConfigurationList section */

/* Begin XCRemoteSwiftPackageReference section */
		386B1C052DE975FD009FBF25 /* XCRemoteSwiftPackageReference "AudioKit" */ = {
			isa = XCRemoteSwiftPackageReference;
			repositoryURL = "https://github.com/AudioKit/AudioKit.git";
			requirement = {
				kind = upToNextMajorVersion;
				minimumVersion = 5.6.5;
			};
		};
/* End XCRemoteSwiftPackageReference section */

/* Begin XCSwiftPackageProductDependency section */
		386B1C062DE975FD009FBF25 /* AudioKit */ = {
			isa = XCSwiftPackageProductDependency;
			package = 386B1C052DE975FD009FBF25 /* XCRemoteSwiftPackageReference "AudioKit" */;
			productName = AudioKit;
		};
/* End XCSwiftPackageProductDependency section */
	};
	rootObject = 38D04CD52DE570D80047CB93 /* Project object */;
}
